{
  "version": 4,
  "terraform_version": "1.2.5",
  "serial": 43,
  "lineage": "c80ede89-8ecb-ded6-c311-4cfbd70576dc",
  "outputs": {},
  "resources": [
    {
      "mode": "data",
      "type": "google_compute_network",
      "name": "network",
      "provider": "provider[\"registry.terraform.io/hashicorp/google\"]",
      "instances": [
        {
          "schema_version": 0,
          "attributes": {
            "description": null,
            "gateway_ipv4": null,
            "id": null,
            "name": null,
            "project": null,
            "self_link": null,
            "subnetworks_self_links": null
          },
          "sensitive_attributes": []
        }
      ]
    },
    {
      "mode": "managed",
      "type": "google_compute_network",
      "name": "vpc_network",
      "provider": "provider[\"registry.terraform.io/hashicorp/google\"]",
      "instances": [
        {
          "schema_version": 0,
          "attributes": {
            "auto_create_subnetworks": false,
            "delete_default_routes_on_create": false,
            "description": "",
            "enable_ula_internal_ipv6": false,
            "gateway_ipv4": "",
            "id": "projects/my-service-project-357012/global/networks/pms-network",
            "internal_ipv6_range": "",
            "mtu": 0,
            "name": "pms-network",
            "project": "my-service-project-357012",
            "routing_mode": "REGIONAL",
            "self_link": "https://www.googleapis.com/compute/v1/projects/my-service-project-357012/global/networks/pms-network",
            "timeouts": null
          },
          "sensitive_attributes": [],
          "private": "eyJlMmJmYjczMC1lY2FhLTExZTYtOGY4OC0zNDM2M2JjN2M0YzAiOnsiY3JlYXRlIjoxMjAwMDAwMDAwMDAwLCJkZWxldGUiOjEyMDAwMDAwMDAwMDAsInVwZGF0ZSI6MTIwMDAwMDAwMDAwMH19"
        }
      ]
    },
    {
      "mode": "managed",
      "type": "google_compute_subnetwork",
      "name": "network-with-private",
      "provider": "provider[\"registry.terraform.io/hashicorp/google\"]",
      "instances": [
        {
          "schema_version": 0,
          "attributes": {
            "creation_timestamp": "2022-07-21T07:31:39.592-07:00",
            "description": "",
            "external_ipv6_prefix": "",
            "fingerprint": null,
            "gateway_address": "10.2.0.1",
            "id": "projects/my-service-project-357012/regions/us-central1/subnetworks/pms-subnetwork",
            "ip_cidr_range": "10.2.0.0/16",
            "ipv6_access_type": "",
            "ipv6_cidr_range": "",
            "log_config": [],
            "name": "pms-subnetwork",
            "network": "https://www.googleapis.com/compute/v1/projects/my-service-project-357012/global/networks/pms-network",
            "private_ip_google_access": true,
            "private_ipv6_google_access": "DISABLE_GOOGLE_ACCESS",
            "project": "my-service-project-357012",
            "purpose": "PRIVATE",
            "region": "us-central1",
            "role": "",
            "secondary_ip_range": [],
            "self_link": "https://www.googleapis.com/compute/v1/projects/my-service-project-357012/regions/us-central1/subnetworks/pms-subnetwork",
            "stack_type": "IPV4_ONLY",
            "timeouts": null
          },
          "sensitive_attributes": [],
          "private": "eyJlMmJmYjczMC1lY2FhLTExZTYtOGY4OC0zNDM2M2JjN2M0YzAiOnsiY3JlYXRlIjoxMjAwMDAwMDAwMDAwLCJkZWxldGUiOjEyMDAwMDAwMDAwMDAsInVwZGF0ZSI6MTIwMDAwMDAwMDAwMH19",
          "dependencies": [
            "google_compute_network.vpc_network"
          ]
        }
      ]
    },
    {
      "mode": "managed",
      "type": "google_dataflow_job",
      "name": "testjob_df",
      "provider": "provider[\"registry.terraform.io/hashicorp/google\"]",
      "instances": [
        {
          "schema_version": 0,
          "attributes": {
            "additional_experiments": null,
            "enable_streaming_engine": null,
            "id": "2022-07-21_09_26_07-12803991950080240790",
            "ip_configuration": "WORKER_IP_PRIVATE",
            "job_id": "2022-07-21_09_26_07-12803991950080240790",
            "kms_key_name": "",
            "labels": {
              "goog-dataflow-provided-template-name": "word_count",
              "goog-dataflow-provided-template-type": "legacy",
              "goog-dataflow-provided-template-version": "2022-05-30-00_rc00",
              "owner": "pms",
              "type": "batchtype"
            },
            "machine_type": "",
            "max_workers": null,
            "name": "testdf",
            "network": "projects/925822833165/global/networks/pms-network",
            "on_delete": "drain",
            "parameters": {
              "inputFile": "gs://pms-df-store/kingliar.txt",
              "output": "gs://pms-df-store/output"
            },
            "project": "my-service-project-357012",
            "region": "us-central1",
            "service_account_email": "mytfe-249@my-service-project-357012.iam.gserviceaccount.com",
            "skip_wait_on_job_termination": false,
            "state": "JOB_STATE_PENDING",
            "subnetwork": "projects/925822833165/regions/us-central1/subnetworks/pms-subnetwork",
            "temp_gcs_location": "gs://pms-df-store/tmp_dir",
            "template_gcs_path": "gs://pms-df-store/word_count",
            "timeouts": null,
            "transform_name_mapping": null,
            "type": "JOB_TYPE_BATCH",
            "zone": null
          },
          "sensitive_attributes": [],
          "private": "eyJlMmJmYjczMC1lY2FhLTExZTYtOGY4OC0zNDM2M2JjN2M0YzAiOnsidXBkYXRlIjo2MDAwMDAwMDAwMDB9fQ=="
        }
      ]
    },
    {
      "mode": "managed",
      "type": "google_kms_key_ring",
      "name": "keyring",
      "provider": "provider[\"registry.terraform.io/hashicorp/google\"]",
      "instances": [
        {
          "schema_version": 0,
          "attributes": {
            "id": "projects/my-service-project-357012/locations/us-central1/keyRings/mykeyring-39ef22cb",
            "location": "us-central1",
            "name": "mykeyring-39ef22cb",
            "project": "my-service-project-357012",
            "timeouts": null
          },
          "sensitive_attributes": [],
          "private": "eyJlMmJmYjczMC1lY2FhLTExZTYtOGY4OC0zNDM2M2JjN2M0YzAiOnsiY3JlYXRlIjoxMjAwMDAwMDAwMDAwLCJkZWxldGUiOjEyMDAwMDAwMDAwMDB9fQ==",
          "dependencies": [
            "random_id.rand"
          ]
        }
      ]
    },
    {
      "mode": "managed",
      "type": "google_storage_bucket",
      "name": "static-site",
      "provider": "provider[\"registry.terraform.io/hashicorp/google\"]",
      "instances": [
        {
          "schema_version": 0,
          "attributes": {
            "cors": [],
            "default_event_based_hold": false,
            "encryption": [],
            "force_destroy": true,
            "id": "pms-df-store",
            "labels": {},
            "lifecycle_rule": [],
            "location": "US",
            "logging": [],
            "name": "pms-df-store",
            "project": "my-service-project-357012",
            "requester_pays": false,
            "retention_policy": [],
            "self_link": "https://www.googleapis.com/storage/v1/b/pms-df-store",
            "storage_class": "STANDARD",
            "timeouts": null,
            "uniform_bucket_level_access": true,
            "url": "gs://pms-df-store",
            "versioning": [],
            "website": []
          },
          "sensitive_attributes": [],
          "private": "eyJlMmJmYjczMC1lY2FhLTExZTYtOGY4OC0zNDM2M2JjN2M0YzAiOnsiY3JlYXRlIjoyNDAwMDAwMDAwMDAsInJlYWQiOjI0MDAwMDAwMDAwMCwidXBkYXRlIjoyNDAwMDAwMDAwMDB9fQ=="
        }
      ]
    },
    {
      "mode": "managed",
      "type": "google_storage_bucket_object",
      "name": "df_classic_input",
      "provider": "provider[\"registry.terraform.io/hashicorp/google\"]",
      "instances": [
        {
          "schema_version": 0,
          "attributes": {
            "bucket": "pms-df-store",
            "cache_control": "",
            "content": null,
            "content_disposition": "",
            "content_encoding": "",
            "content_language": "",
            "content_type": "text/plain; charset=utf-8",
            "crc32c": "uMIlaQ==",
            "customer_encryption": [],
            "detect_md5hash": "tlHs2IMI+Tti0AWqVQ6Flw==",
            "event_based_hold": false,
            "id": "pms-df-store-kingliar.txt",
            "kms_key_name": "",
            "md5hash": "tlHs2IMI+Tti0AWqVQ6Flw==",
            "media_link": "https://storage.googleapis.com/download/storage/v1/b/pms-df-store/o/kingliar.txt?generation=1658412612351992\u0026alt=media",
            "metadata": {},
            "name": "kingliar.txt",
            "output_name": "kingliar.txt",
            "self_link": "https://www.googleapis.com/storage/v1/b/pms-df-store/o/kingliar.txt",
            "source": "./files/kingliar.txt",
            "storage_class": "STANDARD",
            "temporary_hold": false,
            "timeouts": null
          },
          "sensitive_attributes": [],
          "private": "eyJlMmJmYjczMC1lY2FhLTExZTYtOGY4OC0zNDM2M2JjN2M0YzAiOnsiY3JlYXRlIjoyNDAwMDAwMDAwMDAsImRlbGV0ZSI6MjQwMDAwMDAwMDAwLCJ1cGRhdGUiOjI0MDAwMDAwMDAwMH19",
          "dependencies": [
            "google_storage_bucket.static-site"
          ]
        }
      ]
    },
    {
      "mode": "managed",
      "type": "google_storage_bucket_object",
      "name": "df_classic_template",
      "provider": "provider[\"registry.terraform.io/hashicorp/google\"]",
      "instances": [
        {
          "schema_version": 0,
          "attributes": {
            "bucket": "pms-df-store",
            "cache_control": "",
            "content": null,
            "content_disposition": "",
            "content_encoding": "",
            "content_language": "",
            "content_type": "text/plain; charset=utf-8",
            "crc32c": "nMSxiQ==",
            "customer_encryption": [],
            "detect_md5hash": "nGiCVi0qAFitcuc4s20YYA==",
            "event_based_hold": false,
            "id": "pms-df-store-word_count",
            "kms_key_name": "",
            "md5hash": "nGiCVi0qAFitcuc4s20YYA==",
            "media_link": "https://storage.googleapis.com/download/storage/v1/b/pms-df-store/o/word_count?generation=1658412613141735\u0026alt=media",
            "metadata": {},
            "name": "word_count",
            "output_name": "word_count",
            "self_link": "https://www.googleapis.com/storage/v1/b/pms-df-store/o/word_count",
            "source": "./files/word_count",
            "storage_class": "STANDARD",
            "temporary_hold": false,
            "timeouts": null
          },
          "sensitive_attributes": [],
          "private": "eyJlMmJmYjczMC1lY2FhLTExZTYtOGY4OC0zNDM2M2JjN2M0YzAiOnsiY3JlYXRlIjoyNDAwMDAwMDAwMDAsImRlbGV0ZSI6MjQwMDAwMDAwMDAwLCJ1cGRhdGUiOjI0MDAwMDAwMDAwMH19",
          "dependencies": [
            "google_storage_bucket.static-site"
          ]
        }
      ]
    },
    {
      "mode": "managed",
      "type": "google_storage_bucket_object",
      "name": "temp_folder",
      "provider": "provider[\"registry.terraform.io/hashicorp/google\"]",
      "instances": [
        {
          "schema_version": 0,
          "attributes": {
            "bucket": "pms-df-store",
            "cache_control": "",
            "content": "test",
            "content_disposition": "",
            "content_encoding": "",
            "content_language": "",
            "content_type": "text/plain; charset=utf-8",
            "crc32c": "hqBywA==",
            "customer_encryption": [],
            "detect_md5hash": "CY9rzUYh03PK3k6DJie09g==",
            "event_based_hold": false,
            "id": "pms-df-store-tmp_dir/",
            "kms_key_name": "",
            "md5hash": "CY9rzUYh03PK3k6DJie09g==",
            "media_link": "https://storage.googleapis.com/download/storage/v1/b/pms-df-store/o/tmp_dir%2F?generation=1658412612337593\u0026alt=media",
            "metadata": {},
            "name": "tmp_dir/",
            "output_name": "tmp_dir/",
            "self_link": "https://www.googleapis.com/storage/v1/b/pms-df-store/o/tmp_dir%2F",
            "source": null,
            "storage_class": "STANDARD",
            "temporary_hold": false,
            "timeouts": null
          },
          "sensitive_attributes": [],
          "private": "eyJlMmJmYjczMC1lY2FhLTExZTYtOGY4OC0zNDM2M2JjN2M0YzAiOnsiY3JlYXRlIjoyNDAwMDAwMDAwMDAsImRlbGV0ZSI6MjQwMDAwMDAwMDAwLCJ1cGRhdGUiOjI0MDAwMDAwMDAwMH19",
          "dependencies": [
            "google_storage_bucket.static-site"
          ]
        }
      ]
    },
    {
      "mode": "managed",
      "type": "random_id",
      "name": "rand",
      "provider": "provider[\"registry.terraform.io/hashicorp/random\"]",
      "instances": [
        {
          "schema_version": 0,
          "attributes": {
            "b64_std": "Oe8iyw==",
            "b64_url": "Oe8iyw",
            "byte_length": 4,
            "dec": "971973323",
            "hex": "39ef22cb",
            "id": "Oe8iyw",
            "keepers": {
              "bucket_name": "",
              "key_name": "mykey"
            },
            "prefix": null
          },
          "sensitive_attributes": [],
          "private": "bnVsbA=="
        }
      ]
    }
  ]
}
