{
  "version": 4,
  "terraform_version": "1.2.5",
  "serial": 9,
  "lineage": "c80ede89-8ecb-ded6-c311-4cfbd70576dc",
  "outputs": {},
  "resources": [
    {
      "mode": "data",
      "type": "google_compute_network",
      "name": "network",
      "provider": "provider[\"registry.terraform.io/hashicorp/google\"]",
      "instances": [
        {
          "schema_version": 0,
          "attributes": {
            "description": null,
            "gateway_ipv4": null,
            "id": null,
            "name": null,
            "project": null,
            "self_link": null,
            "subnetworks_self_links": null
          },
          "sensitive_attributes": []
        }
      ]
    },
    {
      "mode": "data",
      "type": "google_compute_subnetwork",
      "name": "subnet",
      "provider": "provider[\"registry.terraform.io/hashicorp/google\"]",
      "instances": [
        {
          "schema_version": 0,
          "attributes": {
            "description": null,
            "gateway_address": null,
            "id": null,
            "ip_cidr_range": null,
            "name": null,
            "network": null,
            "private_ip_google_access": null,
            "project": null,
            "region": null,
            "secondary_ip_range": null,
            "self_link": null
          },
          "sensitive_attributes": []
        }
      ]
    },
    {
      "mode": "managed",
      "type": "google_kms_key_ring",
      "name": "keyring",
      "provider": "provider[\"registry.terraform.io/hashicorp/google\"]",
      "instances": [
        {
          "schema_version": 0,
          "attributes": {
            "id": "projects/my-service-project-357012/locations/us-central1/keyRings/mykeyring-39ef22cb",
            "location": "us-central1",
            "name": "mykeyring-39ef22cb",
            "project": "my-service-project-357012",
            "timeouts": null
          },
          "sensitive_attributes": [],
          "private": "eyJlMmJmYjczMC1lY2FhLTExZTYtOGY4OC0zNDM2M2JjN2M0YzAiOnsiY3JlYXRlIjoxMjAwMDAwMDAwMDAwLCJkZWxldGUiOjEyMDAwMDAwMDAwMDB9fQ==",
          "dependencies": [
            "random_id.rand"
          ]
        }
      ]
    },
    {
      "mode": "managed",
      "type": "google_storage_bucket_object",
      "name": "df_classic_input",
      "provider": "provider[\"registry.terraform.io/hashicorp/google\"]",
      "instances": []
    },
    {
      "mode": "managed",
      "type": "google_storage_bucket_object",
      "name": "df_classic_template",
      "provider": "provider[\"registry.terraform.io/hashicorp/google\"]",
      "instances": []
    },
    {
      "mode": "managed",
      "type": "google_storage_bucket_object",
      "name": "temp_folder",
      "provider": "provider[\"registry.terraform.io/hashicorp/google\"]",
      "instances": []
    },
    {
      "mode": "managed",
      "type": "random_id",
      "name": "rand",
      "provider": "provider[\"registry.terraform.io/hashicorp/random\"]",
      "instances": [
        {
          "schema_version": 0,
          "attributes": {
            "b64_std": "Oe8iyw==",
            "b64_url": "Oe8iyw",
            "byte_length": 4,
            "dec": "971973323",
            "hex": "39ef22cb",
            "id": "Oe8iyw",
            "keepers": {
              "bucket_name": "",
              "key_name": "mykey"
            },
            "prefix": null
          },
          "sensitive_attributes": [],
          "private": "bnVsbA=="
        }
      ]
    }
  ]
}
